// !$*UTF8*$!
{
	archiveVersion = 1;
	classes = {
	};
	objectVersion = 56;
	objects = {

/* Begin PBXBuildFile section */
		5A8C5BB12B76DB0600619FE9 /* ListingItem.swift in Sources */ = {isa = PBXBuildFile; fileRef = 5A8C5BB02B76DB0600619FE9 /* ListingItem.swift */; };
		5A8C5BB32B76DB0B00619FE9 /* ListingCarousel.swift in Sources */ = {isa = PBXBuildFile; fileRef = 5A8C5BB22B76DB0B00619FE9 /* ListingCarousel.swift */; };
		5A8C5BB52B76DB1200619FE9 /* HomeView.swift in Sources */ = {isa = PBXBuildFile; fileRef = 5A8C5BB42B76DB1200619FE9 /* HomeView.swift */; };
		5A8C5BB72B76DB1500619FE9 /* CategoryItem.swift in Sources */ = {isa = PBXBuildFile; fileRef = 5A8C5BB62B76DB1500619FE9 /* CategoryItem.swift */; };
		5A8C5BB92B76DB1800619FE9 /* CategoryCarousel.swift in Sources */ = {isa = PBXBuildFile; fileRef = 5A8C5BB82B76DB1800619FE9 /* CategoryCarousel.swift */; };
		5A8C5BBB2B76DB1C00619FE9 /* BrandItem.swift in Sources */ = {isa = PBXBuildFile; fileRef = 5A8C5BBA2B76DB1C00619FE9 /* BrandItem.swift */; };
		5A8C5BBD2B76DB2000619FE9 /* BrandCarousel.swift in Sources */ = {isa = PBXBuildFile; fileRef = 5A8C5BBC2B76DB2000619FE9 /* BrandCarousel.swift */; };
		5A8C5BBF2B76DB6400619FE9 /* Color.swift in Sources */ = {isa = PBXBuildFile; fileRef = 5A8C5BBE2B76DB6400619FE9 /* Color.swift */; };
		5A8C5BC22B76F5BA00619FE9 /* AccountButton.swift in Sources */ = {isa = PBXBuildFile; fileRef = 5A8C5BC12B76F5BA00619FE9 /* AccountButton.swift */; };
		8A2DA4F82B766C7D006B4D46 /* ThriftMeApp.swift in Sources */ = {isa = PBXBuildFile; fileRef = 8A2DA4F72B766C7D006B4D46 /* ThriftMeApp.swift */; };
		8A2DA4FC2B766C7E006B4D46 /* Assets.xcassets in Resources */ = {isa = PBXBuildFile; fileRef = 8A2DA4FB2B766C7E006B4D46 /* Assets.xcassets */; };
		8A2DA4FF2B766C7E006B4D46 /* Preview Assets.xcassets in Resources */ = {isa = PBXBuildFile; fileRef = 8A2DA4FE2B766C7E006B4D46 /* Preview Assets.xcassets */; };
		8A2DA5062B766CEA006B4D46 /* MainView.swift in Sources */ = {isa = PBXBuildFile; fileRef = 8A2DA5052B766CEA006B4D46 /* MainView.swift */; };
		8A2DA5082B766D29006B4D46 /* ChatView.swift in Sources */ = {isa = PBXBuildFile; fileRef = 8A2DA5072B766D29006B4D46 /* ChatView.swift */; };
		8A2DA50C2B766D88006B4D46 /* AccountView.swift in Sources */ = {isa = PBXBuildFile; fileRef = 8A2DA50B2B766D88006B4D46 /* AccountView.swift */; };
		8A2DA50E2B767AC0006B4D46 /* AvatarView.swift in Sources */ = {isa = PBXBuildFile; fileRef = 8A2DA50D2B767AC0006B4D46 /* AvatarView.swift */; };
		8A2DA5102B767FD4006B4D46 /* LogInView.swift in Sources */ = {isa = PBXBuildFile; fileRef = 8A2DA50F2B767FD4006B4D46 /* LogInView.swift */; };
		8A2DA5172B768B06006B4D46 /* PasswordTextField.swift in Sources */ = {isa = PBXBuildFile; fileRef = 8A2DA5162B768B06006B4D46 /* PasswordTextField.swift */; };
		8A2DA5192B7690A0006B4D46 /* WelcomeView.swift in Sources */ = {isa = PBXBuildFile; fileRef = 8A2DA5182B7690A0006B4D46 /* WelcomeView.swift */; };
		8A2DA51F2B76D416006B4D46 /* SignUpView.swift in Sources */ = {isa = PBXBuildFile; fileRef = 8A2DA51E2B76D416006B4D46 /* SignUpView.swift */; };
/* End PBXBuildFile section */

/* Begin PBXFileReference section */
		5A8C5BB02B76DB0600619FE9 /* ListingItem.swift */ = {isa = PBXFileReference; fileEncoding = 4; lastKnownFileType = sourcecode.swift; path = ListingItem.swift; sourceTree = "<group>"; };
		5A8C5BB22B76DB0B00619FE9 /* ListingCarousel.swift */ = {isa = PBXFileReference; lastKnownFileType = sourcecode.swift; path = ListingCarousel.swift; sourceTree = "<group>"; };
		5A8C5BB42B76DB1200619FE9 /* HomeView.swift */ = {isa = PBXFileReference; lastKnownFileType = sourcecode.swift; path = HomeView.swift; sourceTree = "<group>"; };
		5A8C5BB62B76DB1500619FE9 /* CategoryItem.swift */ = {isa = PBXFileReference; lastKnownFileType = sourcecode.swift; path = CategoryItem.swift; sourceTree = "<group>"; };
		5A8C5BB82B76DB1800619FE9 /* CategoryCarousel.swift */ = {isa = PBXFileReference; lastKnownFileType = sourcecode.swift; path = CategoryCarousel.swift; sourceTree = "<group>"; };
		5A8C5BBA2B76DB1C00619FE9 /* BrandItem.swift */ = {isa = PBXFileReference; lastKnownFileType = sourcecode.swift; path = BrandItem.swift; sourceTree = "<group>"; };
		5A8C5BBC2B76DB2000619FE9 /* BrandCarousel.swift */ = {isa = PBXFileReference; lastKnownFileType = sourcecode.swift; path = BrandCarousel.swift; sourceTree = "<group>"; };
		5A8C5BBE2B76DB6400619FE9 /* Color.swift */ = {isa = PBXFileReference; lastKnownFileType = sourcecode.swift; path = Color.swift; sourceTree = "<group>"; };
		5A8C5BC12B76F5BA00619FE9 /* AccountButton.swift */ = {isa = PBXFileReference; lastKnownFileType = sourcecode.swift; path = AccountButton.swift; sourceTree = "<group>"; };
		8A2DA4F42B766C7D006B4D46 /* ThriftMe.app */ = {isa = PBXFileReference; explicitFileType = wrapper.application; includeInIndex = 0; path = ThriftMe.app; sourceTree = BUILT_PRODUCTS_DIR; };
		8A2DA4F72B766C7D006B4D46 /* ThriftMeApp.swift */ = {isa = PBXFileReference; lastKnownFileType = sourcecode.swift; path = ThriftMeApp.swift; sourceTree = "<group>"; };
		8A2DA4FB2B766C7E006B4D46 /* Assets.xcassets */ = {isa = PBXFileReference; lastKnownFileType = folder.assetcatalog; path = Assets.xcassets; sourceTree = "<group>"; };
		8A2DA4FE2B766C7E006B4D46 /* Preview Assets.xcassets */ = {isa = PBXFileReference; lastKnownFileType = folder.assetcatalog; path = "Preview Assets.xcassets"; sourceTree = "<group>"; };
		8A2DA5052B766CEA006B4D46 /* MainView.swift */ = {isa = PBXFileReference; lastKnownFileType = sourcecode.swift; path = MainView.swift; sourceTree = "<group>"; };
		8A2DA5072B766D29006B4D46 /* ChatView.swift */ = {isa = PBXFileReference; lastKnownFileType = sourcecode.swift; path = ChatView.swift; sourceTree = "<group>"; };
		8A2DA50B2B766D88006B4D46 /* AccountView.swift */ = {isa = PBXFileReference; lastKnownFileType = sourcecode.swift; path = AccountView.swift; sourceTree = "<group>"; };
		8A2DA50D2B767AC0006B4D46 /* AvatarView.swift */ = {isa = PBXFileReference; lastKnownFileType = sourcecode.swift; path = AvatarView.swift; sourceTree = "<group>"; };
		8A2DA50F2B767FD4006B4D46 /* LogInView.swift */ = {isa = PBXFileReference; lastKnownFileType = sourcecode.swift; path = LogInView.swift; sourceTree = "<group>"; };
		8A2DA5162B768B06006B4D46 /* PasswordTextField.swift */ = {isa = PBXFileReference; lastKnownFileType = sourcecode.swift; path = PasswordTextField.swift; sourceTree = "<group>"; };
		8A2DA5182B7690A0006B4D46 /* WelcomeView.swift */ = {isa = PBXFileReference; lastKnownFileType = sourcecode.swift; path = WelcomeView.swift; sourceTree = "<group>"; };
		8A2DA51E2B76D416006B4D46 /* SignUpView.swift */ = {isa = PBXFileReference; lastKnownFileType = sourcecode.swift; path = SignUpView.swift; sourceTree = "<group>"; };
/* End PBXFileReference section */

/* Begin PBXFrameworksBuildPhase section */
		8A2DA4F12B766C7D006B4D46 /* Frameworks */ = {
			isa = PBXFrameworksBuildPhase;
			buildActionMask = 2147483647;
			files = (
			);
			runOnlyForDeploymentPostprocessing = 0;
		};
/* End PBXFrameworksBuildPhase section */

/* Begin PBXGroup section */
		5A8C5BAD2B76DAB100619FE9 /* HomeView */ = {
			isa = PBXGroup;
			children = (
				5A8C5BBC2B76DB2000619FE9 /* BrandCarousel.swift */,
				5A8C5BBA2B76DB1C00619FE9 /* BrandItem.swift */,
				5A8C5BB82B76DB1800619FE9 /* CategoryCarousel.swift */,
				5A8C5BB62B76DB1500619FE9 /* CategoryItem.swift */,
				5A8C5BB42B76DB1200619FE9 /* HomeView.swift */,
				5A8C5BB22B76DB0B00619FE9 /* ListingCarousel.swift */,
				5A8C5BB02B76DB0600619FE9 /* ListingItem.swift */,
			);
			path = HomeView;
			sourceTree = "<group>";
		};
		5A8C5BC02B76F09600619FE9 /* AccountView */ = {
			isa = PBXGroup;
			children = (
				8A2DA50B2B766D88006B4D46 /* AccountView.swift */,
				5A8C5BC12B76F5BA00619FE9 /* AccountButton.swift */,
			);
			path = AccountView;
			sourceTree = "<group>";
		};
		8A2DA4EB2B766C7D006B4D46 = {
			isa = PBXGroup;
			children = (
				8A2DA4F62B766C7D006B4D46 /* ThriftMe */,
				8A2DA4F52B766C7D006B4D46 /* Products */,
			);
			sourceTree = "<group>";
		};
		8A2DA4F52B766C7D006B4D46 /* Products */ = {
			isa = PBXGroup;
			children = (
				8A2DA4F42B766C7D006B4D46 /* ThriftMe.app */,
			);
			name = Products;
			sourceTree = "<group>";
		};
		8A2DA4F62B766C7D006B4D46 /* ThriftMe */ = {
			isa = PBXGroup;
			children = (
				8A2DA4F72B766C7D006B4D46 /* ThriftMeApp.swift */,
				8A2DA5112B768143006B4D46 /* LogIn */,
				8A2DA5052B766CEA006B4D46 /* MainView.swift */,
				5A8C5BAD2B76DAB100619FE9 /* HomeView */,
				8A2DA50D2B767AC0006B4D46 /* AvatarView.swift */,
				8A2DA5072B766D29006B4D46 /* ChatView.swift */,
				5A8C5BC02B76F09600619FE9 /* AccountView */,
				8A2DA4FB2B766C7E006B4D46 /* Assets.xcassets */,
				8A2DA4FD2B766C7E006B4D46 /* Preview Content */,
				5A8C5BBE2B76DB6400619FE9 /* Color.swift */,
			);
			path = ThriftMe;
			sourceTree = "<group>";
		};
		8A2DA4FD2B766C7E006B4D46 /* Preview Content */ = {
			isa = PBXGroup;
			children = (
				8A2DA4FE2B766C7E006B4D46 /* Preview Assets.xcassets */,
			);
			path = "Preview Content";
			sourceTree = "<group>";
		};
		8A2DA5112B768143006B4D46 /* LogIn */ = {
			isa = PBXGroup;
			children = (
				8A2DA5182B7690A0006B4D46 /* WelcomeView.swift */,
				8A2DA50F2B767FD4006B4D46 /* LogInView.swift */,
				8A2DA51E2B76D416006B4D46 /* SignUpView.swift */,
				8A2DA5162B768B06006B4D46 /* PasswordTextField.swift */,
			);
			path = LogIn;
			sourceTree = "<group>";
		};
/* End PBXGroup section */

/* Begin PBXNativeTarget section */
		8A2DA4F32B766C7D006B4D46 /* ThriftMe */ = {
			isa = PBXNativeTarget;
			buildConfigurationList = 8A2DA5022B766C7E006B4D46 /* Build configuration list for PBXNativeTarget "ThriftMe" */;
			buildPhases = (
				8A2DA4F02B766C7D006B4D46 /* Sources */,
				8A2DA4F12B766C7D006B4D46 /* Frameworks */,
				8A2DA4F22B766C7D006B4D46 /* Resources */,
			);
			buildRules = (
			);
			dependencies = (
			);
			name = ThriftMe;
			productName = ThriftMe;
			productReference = 8A2DA4F42B766C7D006B4D46 /* ThriftMe.app */;
			productType = "com.apple.product-type.application";
		};
/* End PBXNativeTarget section */

/* Begin PBXProject section */
		8A2DA4EC2B766C7D006B4D46 /* Project object */ = {
			isa = PBXProject;
			attributes = {
				BuildIndependentTargetsInParallel = 1;
				LastSwiftUpdateCheck = 1520;
				LastUpgradeCheck = 1520;
				TargetAttributes = {
					8A2DA4F32B766C7D006B4D46 = {
						CreatedOnToolsVersion = 15.2;
					};
				};
			};
			buildConfigurationList = 8A2DA4EF2B766C7D006B4D46 /* Build configuration list for PBXProject "ThriftMe" */;
			compatibilityVersion = "Xcode 14.0";
			developmentRegion = en;
			hasScannedForEncodings = 0;
			knownRegions = (
				en,
				Base,
			);
			mainGroup = 8A2DA4EB2B766C7D006B4D46;
			productRefGroup = 8A2DA4F52B766C7D006B4D46 /* Products */;
			projectDirPath = "";
			projectRoot = "";
			targets = (
				8A2DA4F32B766C7D006B4D46 /* ThriftMe */,
			);
		};
/* End PBXProject section */

/* Begin PBXResourcesBuildPhase section */
		8A2DA4F22B766C7D006B4D46 /* Resources */ = {
			isa = PBXResourcesBuildPhase;
			buildActionMask = 2147483647;
			files = (
				8A2DA4FF2B766C7E006B4D46 /* Preview Assets.xcassets in Resources */,
				8A2DA4FC2B766C7E006B4D46 /* Assets.xcassets in Resources */,
			);
			runOnlyForDeploymentPostprocessing = 0;
		};
/* End PBXResourcesBuildPhase section */

/* Begin PBXSourcesBuildPhase section */
		8A2DA4F02B766C7D006B4D46 /* Sources */ = {
			isa = PBXSourcesBuildPhase;
			buildActionMask = 2147483647;
			files = (
				5A8C5BBB2B76DB1C00619FE9 /* BrandItem.swift in Sources */,
				8A2DA5082B766D29006B4D46 /* ChatView.swift in Sources */,
				8A2DA5102B767FD4006B4D46 /* LogInView.swift in Sources */,
				5A8C5BBD2B76DB2000619FE9 /* BrandCarousel.swift in Sources */,
				8A2DA50E2B767AC0006B4D46 /* AvatarView.swift in Sources */,
				5A8C5BB92B76DB1800619FE9 /* CategoryCarousel.swift in Sources */,
				8A2DA5192B7690A0006B4D46 /* WelcomeView.swift in Sources */,
				8A2DA50C2B766D88006B4D46 /* AccountView.swift in Sources */,
				5A8C5BBF2B76DB6400619FE9 /* Color.swift in Sources */,
				8A2DA51F2B76D416006B4D46 /* SignUpView.swift in Sources */,
				8A2DA5062B766CEA006B4D46 /* MainView.swift in Sources */,
				5A8C5BC22B76F5BA00619FE9 /* AccountButton.swift in Sources */,
				5A8C5BB32B76DB0B00619FE9 /* ListingCarousel.swift in Sources */,
				5A8C5BB72B76DB1500619FE9 /* CategoryItem.swift in Sources */,
				5A8C5BB12B76DB0600619FE9 /* ListingItem.swift in Sources */,
				5A8C5BB52B76DB1200619FE9 /* HomeView.swift in Sources */,
				8A2DA5172B768B06006B4D46 /* PasswordTextField.swift in Sources */,
				8A2DA4F82B766C7D006B4D46 /* ThriftMeApp.swift in Sources */,
			);
			runOnlyForDeploymentPostprocessing = 0;
		};
/* End PBXSourcesBuildPhase section */

/* Begin XCBuildConfiguration section */
		8A2DA5002B766C7E006B4D46 /* Debug */ = {
			isa = XCBuildConfiguration;
			buildSettings = {
				ALWAYS_SEARCH_USER_PATHS = NO;
				ASSETCATALOG_COMPILER_GENERATE_SWIFT_ASSET_SYMBOL_EXTENSIONS = YES;
				CLANG_ANALYZER_NONNULL = YES;
				CLANG_ANALYZER_NUMBER_OBJECT_CONVERSION = YES_AGGRESSIVE;
				CLANG_CXX_LANGUAGE_STANDARD = "gnu++20";
				CLANG_ENABLE_MODULES = YES;
				CLANG_ENABLE_OBJC_ARC = YES;
				CLANG_ENABLE_OBJC_WEAK = YES;
				CLANG_WARN_BLOCK_CAPTURE_AUTORELEASING = YES;
				CLANG_WARN_BOOL_CONVERSION = YES;
				CLANG_WARN_COMMA = YES;
				CLANG_WARN_CONSTANT_CONVERSION = YES;
				CLANG_WARN_DEPRECATED_OBJC_IMPLEMENTATIONS = YES;
				CLANG_WARN_DIRECT_OBJC_ISA_USAGE = YES_ERROR;
				CLANG_WARN_DOCUMENTATION_COMMENTS = YES;
				CLANG_WARN_EMPTY_BODY = YES;
				CLANG_WARN_ENUM_CONVERSION = YES;
				CLANG_WARN_INFINITE_RECURSION = YES;
				CLANG_WARN_INT_CONVERSION = YES;
				CLANG_WARN_NON_LITERAL_NULL_CONVERSION = YES;
				CLANG_WARN_OBJC_IMPLICIT_RETAIN_SELF = YES;
				CLANG_WARN_OBJC_LITERAL_CONVERSION = YES;
				CLANG_WARN_OBJC_ROOT_CLASS = YES_ERROR;
				CLANG_WARN_QUOTED_INCLUDE_IN_FRAMEWORK_HEADER = YES;
				CLANG_WARN_RANGE_LOOP_ANALYSIS = YES;
				CLANG_WARN_STRICT_PROTOTYPES = YES;
				CLANG_WARN_SUSPICIOUS_MOVE = YES;
				CLANG_WARN_UNGUARDED_AVAILABILITY = YES_AGGRESSIVE;
				CLANG_WARN_UNREACHABLE_CODE = YES;
				CLANG_WARN__DUPLICATE_METHOD_MATCH = YES;
				COPY_PHASE_STRIP = NO;
				DEBUG_INFORMATION_FORMAT = dwarf;
				ENABLE_STRICT_OBJC_MSGSEND = YES;
				ENABLE_TESTABILITY = YES;
				ENABLE_USER_SCRIPT_SANDBOXING = YES;
				GCC_C_LANGUAGE_STANDARD = gnu17;
				GCC_DYNAMIC_NO_PIC = NO;
				GCC_NO_COMMON_BLOCKS = YES;
				GCC_OPTIMIZATION_LEVEL = 0;
				GCC_PREPROCESSOR_DEFINITIONS = (
					"DEBUG=1",
					"$(inherited)",
				);
				GCC_WARN_64_TO_32_BIT_CONVERSION = YES;
				GCC_WARN_ABOUT_RETURN_TYPE = YES_ERROR;
				GCC_WARN_UNDECLARED_SELECTOR = YES;
				GCC_WARN_UNINITIALIZED_AUTOS = YES_AGGRESSIVE;
				GCC_WARN_UNUSED_FUNCTION = YES;
				GCC_WARN_UNUSED_VARIABLE = YES;
				IPHONEOS_DEPLOYMENT_TARGET = 17.2;
				LOCALIZATION_PREFERS_STRING_CATALOGS = YES;
				MTL_ENABLE_DEBUG_INFO = INCLUDE_SOURCE;
				MTL_FAST_MATH = YES;
				ONLY_ACTIVE_ARCH = YES;
				SDKROOT = iphoneos;
				SWIFT_ACTIVE_COMPILATION_CONDITIONS = "DEBUG $(inherited)";
				SWIFT_OPTIMIZATION_LEVEL = "-Onone";
			};
			name = Debug;
		};
		8A2DA5012B766C7E006B4D46 /* Release */ = {
			isa = XCBuildConfiguration;
			buildSettings = {
				ALWAYS_SEARCH_USER_PATHS = NO;
				ASSETCATALOG_COMPILER_GENERATE_SWIFT_ASSET_SYMBOL_EXTENSIONS = YES;
				CLANG_ANALYZER_NONNULL = YES;
				CLANG_ANALYZER_NUMBER_OBJECT_CONVERSION = YES_AGGRESSIVE;
				CLANG_CXX_LANGUAGE_STANDARD = "gnu++20";
				CLANG_ENABLE_MODULES = YES;
				CLANG_ENABLE_OBJC_ARC = YES;
				CLANG_ENABLE_OBJC_WEAK = YES;
				CLANG_WARN_BLOCK_CAPTURE_AUTORELEASING = YES;
				CLANG_WARN_BOOL_CONVERSION = YES;
				CLANG_WARN_COMMA = YES;
				CLANG_WARN_CONSTANT_CONVERSION = YES;
				CLANG_WARN_DEPRECATED_OBJC_IMPLEMENTATIONS = YES;
				CLANG_WARN_DIRECT_OBJC_ISA_USAGE = YES_ERROR;
				CLANG_WARN_DOCUMENTATION_COMMENTS = YES;
				CLANG_WARN_EMPTY_BODY = YES;
				CLANG_WARN_ENUM_CONVERSION = YES;
				CLANG_WARN_INFINITE_RECURSION = YES;
				CLANG_WARN_INT_CONVERSION = YES;
				CLANG_WARN_NON_LITERAL_NULL_CONVERSION = YES;
				CLANG_WARN_OBJC_IMPLICIT_RETAIN_SELF = YES;
				CLANG_WARN_OBJC_LITERAL_CONVERSION = YES;
				CLANG_WARN_OBJC_ROOT_CLASS = YES_ERROR;
				CLANG_WARN_QUOTED_INCLUDE_IN_FRAMEWORK_HEADER = YES;
				CLANG_WARN_RANGE_LOOP_ANALYSIS = YES;
				CLANG_WARN_STRICT_PROTOTYPES = YES;
				CLANG_WARN_SUSPICIOUS_MOVE = YES;
				CLANG_WARN_UNGUARDED_AVAILABILITY = YES_AGGRESSIVE;
				CLANG_WARN_UNREACHABLE_CODE = YES;
				CLANG_WARN__DUPLICATE_METHOD_MATCH = YES;
				COPY_PHASE_STRIP = NO;
				DEBUG_INFORMATION_FORMAT = "dwarf-with-dsym";
				ENABLE_NS_ASSERTIONS = NO;
				ENABLE_STRICT_OBJC_MSGSEND = YES;
				ENABLE_USER_SCRIPT_SANDBOXING = YES;
				GCC_C_LANGUAGE_STANDARD = gnu17;
				GCC_NO_COMMON_BLOCKS = YES;
				GCC_WARN_64_TO_32_BIT_CONVERSION = YES;
				GCC_WARN_ABOUT_RETURN_TYPE = YES_ERROR;
				GCC_WARN_UNDECLARED_SELECTOR = YES;
				GCC_WARN_UNINITIALIZED_AUTOS = YES_AGGRESSIVE;
				GCC_WARN_UNUSED_FUNCTION = YES;
				GCC_WARN_UNUSED_VARIABLE = YES;
				IPHONEOS_DEPLOYMENT_TARGET = 17.2;
				LOCALIZATION_PREFERS_STRING_CATALOGS = YES;
				MTL_ENABLE_DEBUG_INFO = NO;
				MTL_FAST_MATH = YES;
				SDKROOT = iphoneos;
				SWIFT_COMPILATION_MODE = wholemodule;
				VALIDATE_PRODUCT = YES;
			};
			name = Release;
		};
		8A2DA5032B766C7E006B4D46 /* Debug */ = {
			isa = XCBuildConfiguration;
			buildSettings = {
				ASSETCATALOG_COMPILER_APPICON_NAME = AppIcon;
				ASSETCATALOG_COMPILER_GLOBAL_ACCENT_COLOR_NAME = AccentColor;
				CODE_SIGN_STYLE = Automatic;
				CURRENT_PROJECT_VERSION = 1;
				DEVELOPMENT_ASSET_PATHS = "\"ThriftMe/Preview Content\"";
				DEVELOPMENT_TEAM = 5V954C2Z5B;
				ENABLE_PREVIEWS = YES;
				GENERATE_INFOPLIST_FILE = YES;
				INFOPLIST_KEY_UIApplicationSceneManifest_Generation = YES;
				INFOPLIST_KEY_UIApplicationSupportsIndirectInputEvents = YES;
				INFOPLIST_KEY_UILaunchScreen_Generation = YES;
				INFOPLIST_KEY_UISupportedInterfaceOrientations_iPad = "UIInterfaceOrientationPortrait UIInterfaceOrientationPortraitUpsideDown UIInterfaceOrientationLandscapeLeft UIInterfaceOrientationLandscapeRight";
				INFOPLIST_KEY_UISupportedInterfaceOrientations_iPhone = "UIInterfaceOrientationPortrait UIInterfaceOrientationLandscapeLeft UIInterfaceOrientationLandscapeRight";
				LD_RUNPATH_SEARCH_PATHS = (
					"$(inherited)",
					"@executable_path/Frameworks",
				);
				MARKETING_VERSION = 1.0;
				PRODUCT_BUNDLE_IDENTIFIER = com.HoomanAzari.ThriftMe;
				PRODUCT_NAME = "$(TARGET_NAME)";
				SWIFT_EMIT_LOC_STRINGS = YES;
				SWIFT_VERSION = 5.0;
				TARGETED_DEVICE_FAMILY = "1,2";
			};
			name = Debug;
		};
		8A2DA5042B766C7E006B4D46 /* Release */ = {
			isa = XCBuildConfiguration;
			buildSettings = {
				ASSETCATALOG_COMPILER_APPICON_NAME = AppIcon;
				ASSETCATALOG_COMPILER_GLOBAL_ACCENT_COLOR_NAME = AccentColor;
				CODE_SIGN_STYLE = Automatic;
				CURRENT_PROJECT_VERSION = 1;
				DEVELOPMENT_ASSET_PATHS = "\"ThriftMe/Preview Content\"";
				DEVELOPMENT_TEAM = 5V954C2Z5B;
				ENABLE_PREVIEWS = YES;
				GENERATE_INFOPLIST_FILE = YES;
				INFOPLIST_KEY_UIApplicationSceneManifest_Generation = YES;
				INFOPLIST_KEY_UIApplicationSupportsIndirectInputEvents = YES;
				INFOPLIST_KEY_UILaunchScreen_Generation = YES;
				INFOPLIST_KEY_UISupportedInterfaceOrientations_iPad = "UIInterfaceOrientationPortrait UIInterfaceOrientationPortraitUpsideDown UIInterfaceOrientationLandscapeLeft UIInterfaceOrientationLandscapeRight";
				INFOPLIST_KEY_UISupportedInterfaceOrientations_iPhone = "UIInterfaceOrientationPortrait UIInterfaceOrientationLandscapeLeft UIInterfaceOrientationLandscapeRight";
				LD_RUNPATH_SEARCH_PATHS = (
					"$(inherited)",
					"@executable_path/Frameworks",
				);
				MARKETING_VERSION = 1.0;
				PRODUCT_BUNDLE_IDENTIFIER = com.HoomanAzari.ThriftMe;
				PRODUCT_NAME = "$(TARGET_NAME)";
				SWIFT_EMIT_LOC_STRINGS = YES;
				SWIFT_VERSION = 5.0;
				TARGETED_DEVICE_FAMILY = "1,2";
			};
			name = Release;
		};
/* End XCBuildConfiguration section */

/* Begin XCConfigurationList section */
		8A2DA4EF2B766C7D006B4D46 /* Build configuration list for PBXProject "ThriftMe" */ = {
			isa = XCConfigurationList;
			buildConfigurations = (
				8A2DA5002B766C7E006B4D46 /* Debug */,
				8A2DA5012B766C7E006B4D46 /* Release */,
			);
			defaultConfigurationIsVisible = 0;
			defaultConfigurationName = Release;
		};
		8A2DA5022B766C7E006B4D46 /* Build configuration list for PBXNativeTarget "ThriftMe" */ = {
			isa = XCConfigurationList;
			buildConfigurations = (
				8A2DA5032B766C7E006B4D46 /* Debug */,
				8A2DA5042B766C7E006B4D46 /* Release */,
			);
			defaultConfigurationIsVisible = 0;
			defaultConfigurationName = Release;
		};
/* End XCConfigurationList section */
	};
	rootObject = 8A2DA4EC2B766C7D006B4D46 /* Project object */;
}
